
Microsoft Visual Studio Solution File, Format Version 12.00
# Visual Studio 14
VisualStudioVersion = 14.0.24720.0
MinimumVisualStudioVersion = 10.0.40219.1
Project("{FAE04EC0-301F-11D3-BF4B-00C04F79EFBC}") = "Composability Tool_20160301", "Composability Tool_20160301\Composability Tool_20160301.csproj", "{E51A7931-E996-42DC-9898-D75D3D79D032}"
EndProject
Project("{2150E333-8FDC-42A3-9474-1A3956D46DE8}") = "Images", "Images", "{FD8843BE-70FA-4703-9A3E-6C2F79B347B3}"
	ProjectSection(SolutionItems) = preProject
		Composability Tool_20160301\ISL Logo.png = Composability Tool_20160301\ISL Logo.png
	EndProjectSection
EndProject
Global
	GlobalSection(SolutionConfigurationPlatforms) = preSolution
		Debug|Any CPU = Debug|Any CPU
		Release|Any CPU = Release|Any CPU
	EndGlobalSection
	GlobalSection(ProjectConfigurationPlatforms) = postSolution
		{E51A7931-E996-42DC-9898-D75D3D79D032}.Debug|Any CPU.ActiveCfg = Debug|Any CPU
		{E51A7931-E996-42DC-9898-D75D3D79D032}.Debug|Any CPU.Build.0 = Debug|Any CPU
		{E51A7931-E996-42DC-9898-D75D3D79D032}.Release|Any CPU.ActiveCfg = Release|Any CPU
		{E51A7931-E996-42DC-9898-D75D3D79D032}.Release|Any CPU.Build.0 = Release|Any CPU
	EndGlobalSection
	GlobalSection(SolutionProperties) = preSolution
		HideSolutionNode = FALSE
	EndGlobalSection
EndGlobal
